{
  "account_number": "d80c9fc90c2c876b",
  "add_a_new_record": "ae965f5fd1500862",
  "allow": "e213c161d5cefa52",
  "backup": "838557924a5cdfb2",
  "backup_complete_message": "9715d7194b0bec5c",
  "backup_edit_path": "0cee98fd24cda881",
  "backup_folder_inaccessible_message": "2239ffc45e5fd3e3",
  "backup_in_progress_message": "6af95261480c3893",
  "backup_info_1": "fe5a3c2920b54976",
  "backup_nothing_to_backup_message": "f8c2d392a3899a85",
  "backup_path": "b01a3ac7519bbc72",
  "backup_path_not_set_message": "671e97cca44df303",
  "backup_path_select_failed_message": "236cf96e3ac29e8c",
  "backup_set_location": "9c1d43ddc2faad88",
  "backup_set_message": "59fbd066a3697a38",
  "backup_time": "2c90dad1ae67bd64",
  "backup_unknown_error_message": "13cc8466a216baba",
  "backup_write_failed_message": "1bb5736b66455e07",
  "biometric_negative_button_text": "7d9eb7acb13e2462",
  "biometric_sub_title_text": "ed32a9b23512cbfb",
  "biometric_title_text": "c201bc150424c7af",
  "blank_validation_text": "c73a4543e911fdf3",
  "bottom_nav_backup_and_restore": "a8efaee30dab9afd",
  "bottom_nav_records": "47a84e92d5b225ee",
  "bottom_nav_settings": "74a883a037bc227f",
  "branch_address": "49a8bc7bbbb2d55f",
  "branch_code": "8358533065040556",
  "branch_name": "3c320a1d7d4ecc83",
  "camera_permission_rationale_dialog_body": "8c626aff298bd95f",
  "camera_permission_rationale_dialog_heading": "9407beac12309d74",
  "case_validation_text": "af6ed45a8e601719",
  "cd_action_delete": "ca3ee22df45a3dbc",
  "cd_action_edit": "20d0af43d405945d",
  "cd_action_share": "252327030492b30c",
  "cd_add_new_record_button": "e7e5ddda719d9268",
  "cd_back_button": "30877ac4a12df35b",
  "cd_clear_search_bar": "18af863ac342f6de",
  "cd_copy_totp_code": "d0964e52a4b03d22",
  "cd_search_bar": "1d220932a5ef306d",
  "cd_toggle_sensitive_data_visibility": "f13be9ed783328b6",
  "cd_turn_flash_off": "47332624d72a876b",
  "cd_turn_flash_on": "3ddb4a6b826855f6",
  "change_master_password": "aa7f9577bfca8592",
  "change_master_password_body": "efc56d930042d50a",
  "close": "7d9eb7acb13e2462",
  "common_app_playstore_download": "f3dd101d4142b67f",
  "common_cancel": "19766ed6ccb2f4a3",
  "common_ok": "565339bc4d33d728",
  "confirm": "eebdd24a77d9ad32",
  "confirm_new_password": "642776c02c0d14a0",
  "copied_to_clipboard": "99b46814d8beebb1",
  "created_on": "c3f6d36e5b095c3d",
  "customer_id": "24b2acd7fedc46e4",
  "customer_name": "1bf5a81cc471bec3",
  "delete_record_dialog_body": "32a44cf8e686386c",
  "delete_this_record": "a63d4ecfb97bfd88",
  "device_security_required_body": "7bfa7f2367afacf4",
  "device_security_required_title": "14fe40f4d8499651",
  "do_not_ask_again": "00d839dcf1f85a05",
  "enter_hint": "9d3c616ee4980075",
  "enter_key_manually": "9779dd18b77203c8",
  "expiryDate": "d600e62a6861fced",
  "failed_message": "39374c0fd76c0487",
  "forgot_password": "eeca4f80a184d5aa",
  "forgot_password_device_security_subtitle": "a4eabdea6131daf2",
  "hide_hint": "d43b1e69b7897c3e",
  "hint": "a7b4cf9f7e429771",
  "ifsc_code": "8b96873c8ebe502d",
  "in_app_update_downloaded": "45ddc8fdd1479986",
  "in_app_update_restart": "6b983a81e5e8099e",
  "incorrect_pswrd_message": "1105466d74e7e274",
  "length_validation_text": "b62086c094dac6cc",
  "loading_data": "738fc6a7f294886f",
  "login": "9d6322c1f4d9d3f3",
  "micr_code": "7a87b779173989cb",
  "name": "dcd1d5223f73b3a9",
  "new_backup_dialog_body_text": "8b05e9f760457a86",
  "new_password": "7c451e0f436d04a6",
  "new_record_button": "ae965f5fd1500862",
  "new_restore_dialog_body_text": "3f6420a47c2bbba0",
  "no_email_app_found": "808ddff4df7d929b",
  "no_filtered_record_body": "91a4c8d9e7f41616",
  "no_filtered_record_title": "31f82d5cf7925f3f",
  "no_record": "faee96465139726f",
  "notes": "8a7525b1492fb848",
  "notification_backup_channel_desc": "d9a881111c320d0b",
  "notification_backup_channel_name": "e2243c103b5750ea",
  "notification_backup_failure": "0b8c205121c90dfa",
  "notification_backup_in_progress": "26eda7b8cdb90304",
  "notification_backup_success": "b40f4bbefa31fce5",
  "notification_backup_title": "9d88b4fc2d5efb58",
  "notification_permission_rationale_dialog_body": "be9edaf75fa618ee",
  "notification_permission_rationale_dialog_heading": "c0228d0007747483",
  "number": "39ffd55438ce9620",
  "numeric_validation_text": "64d1659c372239bf",
  "open_settings": "3f940108cb1ecd9c",
  "password": "e7cf3ef4f17c3999",
  "password_updated_success": "ae751c7208c0ddac",
  "passwords_do_not_match": "b6eb82cd3300c838",
  "pin": "709e58acb65ef4a5",
  "qr_scanner_instruction": "9e5d8ae97f4c24f1",
  "qr_scanner_title": "0aa0128597cbc9d5",
  "restore": "a76e13b9839270eb",
  "restore_backup_empty_message": "aaedd8c69d54c9c1",
  "restore_backup_too_new_message": "0b68859e078dfb14",
  "restore_complete_message": "c868435ea2a9afbc",
  "restore_corrupt_file_message": "72195bbc03bbea92",
  "restore_in_progress_message": "d592ea4f3d92ed4b",
  "restore_info": "c7eba5797a468d92",
  "restore_records_button": "a956033c2faec741",
  "retry": "942087cc2d41e013",
  "save": "1509f561f2416598",
  "search_bar_placeholder": "bb2f797862833d57",
  "secret_key": "f47a99ebcf29c1db",
  "send_feedback_email": "5976ed7dcb7f7c57",
  "settings_ask_for_pswrd_after_biometric_body": "41f43cf8b9b24d2f",
  "settings_ask_for_pswrd_after_biometric_title": "445585980b148a4e",
  "settings_auto_backup_body": "e157b60296199d5b",
  "settings_auto_backup_title": "6fb83a6763ddab95",
  "settings_away_timeout_body": "c36a581d2bb27a11",
  "settings_away_timeout_title": "2c015a8b78c5c89a",
  "settings_feedback_body": "aca7f693135773e8",
  "settings_feedback_title": "8235980b80addfc7",
  "settings_github_body": "e3cfcf405f86df2f",
  "settings_github_title": "73c910aa328725a7",
  "settings_privacy_enabled_body": "881c7757a7d5334a",
  "settings_privacy_enabled_title": "22eac55f97cd7301",
  "settings_review_body": "c1750a88bc145dc2",
  "settings_review_title": "569c4bc2f3e0af1a",
  "settings_section_security_and_privacy": "121fa1521e9563ec",
  "settings_section_support_and_community": "a84d77779822a13e",
  "show_hint": "c768fe733673b459",
  "signup": "47de23586e49d833",
  "special_char_validation_text": "93158db8cfa3b62a",
  "state_copied": "8d525e5f158b9afe",
  "timeout_dialog_message": "68b6f54b6a1cd5b9",
  "timeout_dialog_positive_button_text": "565339bc4d33d728",
  "title": "14b38ea535b93b71",
  "totp_code": "1b774f3cfe6aae23",
  "totp_invalid_secret_key": "34f812c49839f390",
  "type_display_account": "c6f645d89062397f",
  "type_display_authenticator": "4b4dedb78ef452fb",
  "type_display_card": "be3702e3f1af559a",
  "type_display_login": "9d6322c1f4d9d3f3",
  "type_display_note": "d8da2c49df39d91d",
  "unsupported_qr_code_dialog_heading": "3436ef96e579159b",
  "unsupported_qr_code_reason_algorithm": "eded2ab3834331de",
  "unsupported_qr_code_reason_ambiguous": "c301fcf74c753ef1",
  "unsupported_qr_code_reason_digits": "7ad1092dd341b979",
  "unsupported_qr_code_reason_invalid_secret": "37ac1af15ddc8acc",
  "unsupported_qr_code_reason_malformed": "583278ea2bed31cd",
  "unsupported_qr_code_reason_otp_type": "a7ad272a93a4e33e",
  "unsupported_qr_code_reason_period": "f2a9d59e70ac0f18",
  "update_password": "ad3162e8920a5c90",
  "updated_on": "03b429b048374df5",
  "user_id": "d1b81a3412e59edc",
  "welcome": "5b59385abeff0908",
  "welcome_back": "44345cac26c77230"
}
